
Microsoft Visual Studio Solution File, Format Version 12.00
# Visual Studio Version 17
VisualStudioVersion = 17.3.32929.385
MinimumVisualStudioVersion = 10.0.40219.1
Project("{FAE04EC0-301F-11D3-BF4B-00C04F79EFBC}") = "bevezeto-projekt", "bevezeto-projekt\bevezeto-projekt.csproj", "{FBB49A24-BE36-4E7A-811C-141D643E47BA}"
EndProject
Global
	GlobalSection(SolutionConfigurationPlatforms) = preSolution
		Debug|Any CPU = Debug|Any CPU
		Release|Any CPU = Release|Any CPU
	EndGlobalSection
	GlobalSection(ProjectConfigurationPlatforms) = postSolution
		{FBB49A24-BE36-4E7A-811C-141D643E47BA}.Debug|Any CPU.ActiveCfg = Debug|Any CPU
		{FBB49A24-BE36-4E7A-811C-141D643E47BA}.Debug|Any CPU.Build.0 = Debug|Any CPU
		{FBB49A24-BE36-4E7A-811C-141D643E47BA}.Release|Any CPU.ActiveCfg = Release|Any CPU
		{FBB49A24-BE36-4E7A-811C-141D643E47BA}.Release|Any CPU.Build.0 = Release|Any CPU
	EndGlobalSection
	GlobalSection(SolutionProperties) = preSolution
		HideSolutionNode = FALSE
	EndGlobalSection
	GlobalSection(ExtensibilityGlobals) = postSolution
		SolutionGuid = {7C8C0BE8-BA65-4259-8639-AD41FD5B6E94}
	EndGlobalSection
EndGlobal
